
Microsoft Visual Studio Solution File, Format Version 12.00
# Visual Studio Version 16
VisualStudioVersion = 16.0.31005.135
MinimumVisualStudioVersion = 10.0.40219.1
Project("{FAE04EC0-301F-11D3-BF4B-00C04F79EFBC}") = "OctovanAPI", "OctovanAPI\OctovanAPI.csproj", "{C53A4A2D-6E0B-4083-973E-CF7AB651B18E}"
EndProject
Global
	GlobalSection(SolutionConfigurationPlatforms) = preSolution
		Debug|Any CPU = Debug|Any CPU
		Release|Any CPU = Release|Any CPU
	EndGlobalSection
	GlobalSection(ProjectConfigurationPlatforms) = postSolution
		{C53A4A2D-6E0B-4083-973E-CF7AB651B18E}.Debug|Any CPU.ActiveCfg = Debug|Any CPU
		{C53A4A2D-6E0B-4083-973E-CF7AB651B18E}.Debug|Any CPU.Build.0 = Debug|Any CPU
		{C53A4A2D-6E0B-4083-973E-CF7AB651B18E}.Release|Any CPU.ActiveCfg = Release|Any CPU
		{C53A4A2D-6E0B-4083-973E-CF7AB651B18E}.Release|Any CPU.Build.0 = Release|Any CPU
	EndGlobalSection
	GlobalSection(SolutionProperties) = preSolution
		HideSolutionNode = FALSE
	EndGlobalSection
	GlobalSection(ExtensibilityGlobals) = postSolution
		SolutionGuid = {51F78F0C-D70E-40E9-9E04-8D540A366628}
	EndGlobalSection
EndGlobal
